
Microsoft Visual Studio Solution File, Format Version 12.00
# Visual Studio Version 17
VisualStudioVersion = 17.10.35004.147
MinimumVisualStudioVersion = 10.0.40219.1
Project("{FAE04EC0-301F-11D3-BF4B-00C04F79EFBC}") = "AI-Vtube-dotNET", "AI-Vtube-dotNET\AI-Vtube-dotNET.csproj", "{C1B82AAB-5B3F-4B5C-AE81-3E6863F83D89}"
EndProject
Global
	GlobalSection(SolutionConfigurationPlatforms) = preSolution
		Debug|Any CPU = Debug|Any CPU
		Release|Any CPU = Release|Any CPU
	EndGlobalSection
	GlobalSection(ProjectConfigurationPlatforms) = postSolution
		{C1B82AAB-5B3F-4B5C-AE81-3E6863F83D89}.Debug|Any CPU.ActiveCfg = Debug|Any CPU
		{C1B82AAB-5B3F-4B5C-AE81-3E6863F83D89}.Debug|Any CPU.Build.0 = Debug|Any CPU
		{C1B82AAB-5B3F-4B5C-AE81-3E6863F83D89}.Release|Any CPU.ActiveCfg = Release|Any CPU
		{C1B82AAB-5B3F-4B5C-AE81-3E6863F83D89}.Release|Any CPU.Build.0 = Release|Any CPU
	EndGlobalSection
	GlobalSection(SolutionProperties) = preSolution
		HideSolutionNode = FALSE
	EndGlobalSection
	GlobalSection(ExtensibilityGlobals) = postSolution
		SolutionGuid = {39581AD9-DCF8-4355-B291-08A5CD3944BC}
	EndGlobalSection
EndGlobal
